
Microsoft Visual Studio Solution File, Format Version 12.00
# Visual Studio Version 17
VisualStudioVersion = 17.10.35027.167
MinimumVisualStudioVersion = 10.0.40219.1
Project("{FAE04EC0-301F-11D3-BF4B-00C04F79EFBC}") = "Project1", "Project1\Project1.csproj", "{884E9522-5DDD-450C-A3DC-B38023F8FB64}"
EndProject
Global
	GlobalSection(SolutionConfigurationPlatforms) = preSolution
		Debug|Any CPU = Debug|Any CPU
		Release|Any CPU = Release|Any CPU
	EndGlobalSection
	GlobalSection(ProjectConfigurationPlatforms) = postSolution
		{884E9522-5DDD-450C-A3DC-B38023F8FB64}.Debug|Any CPU.ActiveCfg = Debug|Any CPU
		{884E9522-5DDD-450C-A3DC-B38023F8FB64}.Debug|Any CPU.Build.0 = Debug|Any CPU
		{884E9522-5DDD-450C-A3DC-B38023F8FB64}.Release|Any CPU.ActiveCfg = Release|Any CPU
		{884E9522-5DDD-450C-A3DC-B38023F8FB64}.Release|Any CPU.Build.0 = Release|Any CPU
	EndGlobalSection
	GlobalSection(SolutionProperties) = preSolution
		HideSolutionNode = FALSE
	EndGlobalSection
	GlobalSection(ExtensibilityGlobals) = postSolution
		SolutionGuid = {5CCA466E-BC59-4F86-B0CB-6534ED95D90E}
	EndGlobalSection
EndGlobal
